// !$*UTF8*$!
{
	archiveVersion = 1;
	classes = {
	};
	objectVersion = 46;
	objects = {

/* Begin PBXAggregateTarget section */
		700522059EE1E0E8806B0E1E /* juce_audio_fft - All */ = {
			isa = PBXAggregateTarget;
			buildConfigurationList = 5956D90490C6D10697B2DBA2;
			buildPhases = (
			);
			dependencies = (
				EC166CECC296F42718841A99,
				DF793154A8A476502B0E90A2,
				E9D69C52CDFF7DA19A0091CB,
			);
			name = "juce_audio_fft - All";
			productName = juce_audio_fft;
		};
/* End PBXAggregateTarget section */

/* Begin PBXBuildFile section */
		00E3AD34458D87E4AC811A0B /* include_juce_audio_formats.mm */ = {isa = PBXBuildFile; fileRef = 06598636102D2B65065A2812; };
		044F48C8E013F306EE04935E /* QuartzCore.framework */ = {isa = PBXBuildFile; fileRef = 58379624C6402654CB71A0F9; };
		04F750CE21EBEB8AB64F593A /* IOKit.framework */ = {isa = PBXBuildFile; fileRef = AE5A521FDA475B53746F9A9C; };
		0848996C1DD480E48049CBB0 /* include_juce_core.mm */ = {isa = PBXBuildFile; fileRef = 3820112351411665FFCD112C; };
		1214477136B202AF4713A29A /* include_juce_audio_basics.mm */ = {isa = PBXBuildFile; fileRef = 522E40202F58271CA5E94EB5; };
		12FB59CAA8E7DAEEB74A12F7 /* include_juce_audio_processors_ara.cpp */ = {isa = PBXBuildFile; fileRef = E459E06DC6B212D73852126F; };
		13AFCA414F6368D7D30FE5AA /* CoreMIDI.framework */ = {isa = PBXBuildFile; fileRef = 2F07D2C1C31CFBA1A1757FC8; };
		26E1420C2098482C8E92C4BF /* Metal.framework */ = {isa = PBXBuildFile; fileRef = 33A7B60D94F3212C8777D20F; settings = { ATTRIBUTES = (Weak, ); }; };
		4E62C4CE58EAEB6B2CA47BE5 /* MetalKit.framework */ = {isa = PBXBuildFile; fileRef = C25F28D647BE1B94E87017F2; settings = { ATTRIBUTES = (Weak, ); }; };
		559654C051B3279DA9D2F22B /* Security.framework */ = {isa = PBXBuildFile; fileRef = 03A20A1BABDA01ABF82AD15A; };
		645CC885DFFD1071FF75CD94 /* include_juce_graphics.mm */ = {isa = PBXBuildFile; fileRef = 0AA01C62E217956D66EB1DCE; };
		73B4E42E2EA8393F095743DA /* PluginEditor.cpp */ = {isa = PBXBuildFile; fileRef = D4F9DBA07DEA188912428046; };
		7424FD96C66D7E5B205A44B4 /* include_juce_dsp.mm */ = {isa = PBXBuildFile; fileRef = 9753D54B3A6ED42A9DE848D4; };
		782292E812C06920DA48882F /* include_juce_audio_devices.mm */ = {isa = PBXBuildFile; fileRef = 07F02C8F191CD9974D1FFFC1; };
		7C2C974640CD2DAC875614A5 /* include_juce_core_CompilationTime.cpp */ = {isa = PBXBuildFile; fileRef = DE4B4ABC77A66C1025299709; };
		817C4A6D7735BB51B8E1E55B /* Cocoa.framework */ = {isa = PBXBuildFile; fileRef = 549B2DE4FB9FB666A56E2D74; };
		844680E82BB2C30AB340668F /* Shared Code */ = {isa = PBXBuildFile; fileRef = E3D9709485CEC93CF6F5782A; };
		9326F379A94249EEA7514607 /* include_juce_audio_plugin_client_ARA.cpp */ = {isa = PBXBuildFile; fileRef = 17A3DA6A6D7A28DF952C92B6; };
		9363FA987BDC1007EAB7B437 /* juce_VST3ManifestHelper.mm */ = {isa = PBXBuildFile; fileRef = 7576F2E7CC101C9574CE6FD9; settings = { COMPILER_FLAGS = "-fobjc-arc -w -DJUCE_SKIP_PRECOMPILED_HEADER"; }; };
		975E28E7975DF952B07F5FFF /* include_juce_audio_processors.mm */ = {isa = PBXBuildFile; fileRef = ADA78BCDC50987386AB35D7B; };
		9C6808C89290BE90471C1AB0 /* include_juce_gui_extra.mm */ = {isa = PBXBuildFile; fileRef = A9CFBDDE775F5D47DC0AAC0F; };
		A67B3CDDDFCF3D4A6BF94E09 /* WebKit.framework */ = {isa = PBXBuildFile; fileRef = 83386972E4020C209D07F1E0; };
		A6FF15F9A77A962A54AEA0F2 /* include_juce_audio_plugin_client_VST3.mm */ = {isa = PBXBuildFile; fileRef = 3E333CA596801FA276BFAE27; };
		AE9D2D1D9520D0C4AD0E4A76 /* PluginProcessor.cpp */ = {isa = PBXBuildFile; fileRef = F5854ACA3ECBC72B9CC02370; };
		BA7753703A4E458408EA6041 /* include_juce_data_structures.mm */ = {isa = PBXBuildFile; fileRef = 856697B9659E03C105EFAD55; };
		BA842C45D5142042543555ED /* VST3 */ = {isa = PBXBuildFile; fileRef = E2B1459D77752B0F9C8C15A7; };
		C1BCFCDC7D575938B4EA8341 /* Accelerate.framework */ = {isa = PBXBuildFile; fileRef = 81747DFF012860779B87461B; };
		C2E5524CFF264D44899C3CA9 /* Foundation.framework */ = {isa = PBXBuildFile; fileRef = CD893E37B4FE345B5264317B; };
		C8C515A9D8B993371A46527F /* VST3 Manifest Helper */ = {isa = PBXBuildFile; fileRef = C3AF5224A5103519885E2964; };
		D696330FB4E2BE87A6C53CCB /* include_juce_graphics_Harfbuzz.cpp */ = {isa = PBXBuildFile; fileRef = 9E022982677EB920914306EB; };
		DB47EDBC4C60F321FA1FC868 /* RecentFilesMenuTemplate.nib */ = {isa = PBXBuildFile; fileRef = A9AEBAFE292AF4A5C258BBAD; };
		DD21C0ED7E5E9A0CFA1D5344 /* include_juce_audio_processors_lv2_libs.cpp */ = {isa = PBXBuildFile; fileRef = D3DED1371843E67DB0AF8E4E; };
		DF24F4D1FEC1A7A9BBBD8405 /* include_juce_events.mm */ = {isa = PBXBuildFile; fileRef = 8A92797B40CDABF4088F7F60; };
		E170117CB3231E8E126927BE /* include_juce_audio_utils.mm */ = {isa = PBXBuildFile; fileRef = B56304EBBC4FD186FA24894B; };
		E461BA24FAB9398CE849D64A /* FFTProcessor.cpp */ = {isa = PBXBuildFile; fileRef = 13B0E941705510386D7F72D6; };
		E8779394CB707C38E4A1F86C /* CoreAudioKit.framework */ = {isa = PBXBuildFile; fileRef = 72D643B3B21FA419534209C3; };
		F3198145B1EC282DB4ACC162 /* CoreAudio.framework */ = {isa = PBXBuildFile; fileRef = 6F1FFBC40C71138A1B7763D7; };
		F4C6B701B3560D35007F23D2 /* AudioToolbox.framework */ = {isa = PBXBuildFile; fileRef = 99D525E295521E8971EAD74F; };
		FBE75915094C8079E7203374 /* include_juce_gui_basics.mm */ = {isa = PBXBuildFile; fileRef = 77E9234E42D232372CDBF30E; };
		FFFF7D171661A379BEB3AEAE /* DiscRecording.framework */ = {isa = PBXBuildFile; fileRef = 1430B93D32AFB900608FEB2D; };
/* End PBXBuildFile section */

/* Begin PBXFileReference section */
		03A20A1BABDA01ABF82AD15A /* Security.framework */ /* Security.framework */ = {isa = PBXFileReference; lastKnownFileType = wrapper.framework; name = Security.framework; path = System/Library/Frameworks/Security.framework; sourceTree = SDKROOT; };
		04A63A4F785A6F03425DA8B1 /* juce_gui_basics */ /* juce_gui_basics */ = {isa = PBXFileReference; lastKnownFileType = folder; name = juce_gui_basics; path = "/Users/ocordes/JUCE/JUCE-8.0.1/modules/juce_gui_basics"; sourceTree = "<absolute>"; };
		06598636102D2B65065A2812 /* include_juce_audio_formats.mm */ /* include_juce_audio_formats.mm */ = {isa = PBXFileReference; lastKnownFileType = sourcecode.cpp.objcpp; name = include_juce_audio_formats.mm; path = ../../JuceLibraryCode/include_juce_audio_formats.mm; sourceTree = SOURCE_ROOT; };
		07F02C8F191CD9974D1FFFC1 /* include_juce_audio_devices.mm */ /* include_juce_audio_devices.mm */ = {isa = PBXFileReference; lastKnownFileType = sourcecode.cpp.objcpp; name = include_juce_audio_devices.mm; path = ../../JuceLibraryCode/include_juce_audio_devices.mm; sourceTree = SOURCE_ROOT; };
		0AA01C62E217956D66EB1DCE /* include_juce_graphics.mm */ /* include_juce_graphics.mm */ = {isa = PBXFileReference; lastKnownFileType = sourcecode.cpp.objcpp; name = include_juce_graphics.mm; path = ../../JuceLibraryCode/include_juce_graphics.mm; sourceTree = SOURCE_ROOT; };
		13B0E941705510386D7F72D6 /* FFTProcessor.cpp */ /* FFTProcessor.cpp */ = {isa = PBXFileReference; lastKnownFileType = sourcecode.cpp.cpp; name = FFTProcessor.cpp; path = ../../Source/FFTProcessor.cpp; sourceTree = SOURCE_ROOT; };
		1430B93D32AFB900608FEB2D /* DiscRecording.framework */ /* DiscRecording.framework */ = {isa = PBXFileReference; lastKnownFileType = wrapper.framework; name = DiscRecording.framework; path = System/Library/Frameworks/DiscRecording.framework; sourceTree = SDKROOT; };
		17A3DA6A6D7A28DF952C92B6 /* include_juce_audio_plugin_client_ARA.cpp */ /* include_juce_audio_plugin_client_ARA.cpp */ = {isa = PBXFileReference; lastKnownFileType = sourcecode.cpp.cpp; name = include_juce_audio_plugin_client_ARA.cpp; path = ../../JuceLibraryCode/include_juce_audio_plugin_client_ARA.cpp; sourceTree = SOURCE_ROOT; };
		2DCADC5868FCE5DE6C24584C /* JucePluginDefines.h */ /* JucePluginDefines.h */ = {isa = PBXFileReference; lastKnownFileType = sourcecode.c.h; name = JucePluginDefines.h; path = ../../JuceLibraryCode/JucePluginDefines.h; sourceTree = SOURCE_ROOT; };
		2F07D2C1C31CFBA1A1757FC8 /* CoreMIDI.framework */ /* CoreMIDI.framework */ = {isa = PBXFileReference; lastKnownFileType = wrapper.framework; name = CoreMIDI.framework; path = System/Library/Frameworks/CoreMIDI.framework; sourceTree = SDKROOT; };
		33A7B60D94F3212C8777D20F /* Metal.framework */ /* Metal.framework */ = {isa = PBXFileReference; lastKnownFileType = wrapper.framework; name = Metal.framework; path = System/Library/Frameworks/Metal.framework; sourceTree = SDKROOT; };
		3692EF064F5988CCC15D2B87 /* juce_gui_extra */ /* juce_gui_extra */ = {isa = PBXFileReference; lastKnownFileType = folder; name = juce_gui_extra; path = "/Users/ocordes/JUCE/JUCE-8.0.1/modules/juce_gui_extra"; sourceTree = "<absolute>"; };
		3820112351411665FFCD112C /* include_juce_core.mm */ /* include_juce_core.mm */ = {isa = PBXFileReference; lastKnownFileType = sourcecode.cpp.objcpp; name = include_juce_core.mm; path = ../../JuceLibraryCode/include_juce_core.mm; sourceTree = SOURCE_ROOT; };
		3E333CA596801FA276BFAE27 /* include_juce_audio_plugin_client_VST3.mm */ /* include_juce_audio_plugin_client_VST3.mm */ = {isa = PBXFileReference; lastKnownFileType = sourcecode.cpp.objcpp; name = include_juce_audio_plugin_client_VST3.mm; path = ../../JuceLibraryCode/include_juce_audio_plugin_client_VST3.mm; sourceTree = SOURCE_ROOT; };
		40A29866CC8E556CE242DF49 /* juce_audio_formats */ /* juce_audio_formats */ = {isa = PBXFileReference; lastKnownFileType = folder; name = juce_audio_formats; path = "/Users/ocordes/JUCE/JUCE-8.0.1/modules/juce_audio_formats"; sourceTree = "<absolute>"; };
		4169C0807023246740713A99 /* FFTProcessor.h */ /* FFTProcessor.h */ = {isa = PBXFileReference; lastKnownFileType = sourcecode.c.h; name = FFTProcessor.h; path = ../../Source/FFTProcessor.h; sourceTree = SOURCE_ROOT; };
		522E40202F58271CA5E94EB5 /* include_juce_audio_basics.mm */ /* include_juce_audio_basics.mm */ = {isa = PBXFileReference; lastKnownFileType = sourcecode.cpp.objcpp; name = include_juce_audio_basics.mm; path = ../../JuceLibraryCode/include_juce_audio_basics.mm; sourceTree = SOURCE_ROOT; };
		549B2DE4FB9FB666A56E2D74 /* Cocoa.framework */ /* Cocoa.framework */ = {isa = PBXFileReference; lastKnownFileType = wrapper.framework; name = Cocoa.framework; path = System/Library/Frameworks/Cocoa.framework; sourceTree = SDKROOT; };
		58379624C6402654CB71A0F9 /* QuartzCore.framework */ /* QuartzCore.framework */ = {isa = PBXFileReference; lastKnownFileType = wrapper.framework; name = QuartzCore.framework; path = System/Library/Frameworks/QuartzCore.framework; sourceTree = SDKROOT; };
		5C48E2EFA9E392A6FA2C56BE /* PluginProcessor.h */ /* PluginProcessor.h */ = {isa = PBXFileReference; lastKnownFileType = sourcecode.c.h; name = PluginProcessor.h; path = ../../Source/PluginProcessor.h; sourceTree = SOURCE_ROOT; };
		64AA7852F3E3680CC4D4E77D /* juce_audio_utils */ /* juce_audio_utils */ = {isa = PBXFileReference; lastKnownFileType = folder; name = juce_audio_utils; path = "/Users/ocordes/JUCE/JUCE-8.0.1/modules/juce_audio_utils"; sourceTree = "<absolute>"; };
		696DB79B42118D72EEEBDEE2 /* JuceHeader.h */ /* JuceHeader.h */ = {isa = PBXFileReference; lastKnownFileType = sourcecode.c.h; name = JuceHeader.h; path = ../../JuceLibraryCode/JuceHeader.h; sourceTree = SOURCE_ROOT; };
		6CA8C108A7869CF0C6D08A32 /* juce_events */ /* juce_events */ = {isa = PBXFileReference; lastKnownFileType = folder; name = juce_events; path = "/Users/ocordes/JUCE/JUCE-8.0.1/modules/juce_events"; sourceTree = "<absolute>"; };
		6F1FFBC40C71138A1B7763D7 /* CoreAudio.framework */ /* CoreAudio.framework */ = {isa = PBXFileReference; lastKnownFileType = wrapper.framework; name = CoreAudio.framework; path = System/Library/Frameworks/CoreAudio.framework; sourceTree = SDKROOT; };
		707EFED0458CE429B3804163 /* juce_core */ /* juce_core */ = {isa = PBXFileReference; lastKnownFileType = folder; name = juce_core; path = "/Users/ocordes/JUCE/JUCE-8.0.1/modules/juce_core"; sourceTree = "<absolute>"; };
		72D643B3B21FA419534209C3 /* CoreAudioKit.framework */ /* CoreAudioKit.framework */ = {isa = PBXFileReference; lastKnownFileType = wrapper.framework; name = CoreAudioKit.framework; path = System/Library/Frameworks/CoreAudioKit.framework; sourceTree = SDKROOT; };
		72EAC973E3D46BBE2648412F /* Info-VST3_Manifest_Helper.plist */ /* Info-VST3_Manifest_Helper.plist */ = {isa = PBXFileReference; lastKnownFileType = text.plist.xml; name = "Info-VST3_Manifest_Helper.plist"; path = "Info-VST3_Manifest_Helper.plist"; sourceTree = SOURCE_ROOT; };
		7576F2E7CC101C9574CE6FD9 /* juce_VST3ManifestHelper.mm */ /* juce_VST3ManifestHelper.mm */ = {isa = PBXFileReference; lastKnownFileType = sourcecode.cpp.objcpp; name = juce_VST3ManifestHelper.mm; path = "/Users/ocordes/JUCE/JUCE-8.0.1/modules/juce_audio_plugin_client/VST3/juce_VST3ManifestHelper.mm"; sourceTree = "<absolute>"; };
		77E9234E42D232372CDBF30E /* include_juce_gui_basics.mm */ /* include_juce_gui_basics.mm */ = {isa = PBXFileReference; lastKnownFileType = sourcecode.cpp.objcpp; name = include_juce_gui_basics.mm; path = ../../JuceLibraryCode/include_juce_gui_basics.mm; sourceTree = SOURCE_ROOT; };
		81747DFF012860779B87461B /* Accelerate.framework */ /* Accelerate.framework */ = {isa = PBXFileReference; lastKnownFileType = wrapper.framework; name = Accelerate.framework; path = System/Library/Frameworks/Accelerate.framework; sourceTree = SDKROOT; };
		83386972E4020C209D07F1E0 /* WebKit.framework */ /* WebKit.framework */ = {isa = PBXFileReference; lastKnownFileType = wrapper.framework; name = WebKit.framework; path = System/Library/Frameworks/WebKit.framework; sourceTree = SDKROOT; };
		856697B9659E03C105EFAD55 /* include_juce_data_structures.mm */ /* include_juce_data_structures.mm */ = {isa = PBXFileReference; lastKnownFileType = sourcecode.cpp.objcpp; name = include_juce_data_structures.mm; path = ../../JuceLibraryCode/include_juce_data_structures.mm; sourceTree = SOURCE_ROOT; };
		8745AB9F5642CE7941220212 /* juce_audio_devices */ /* juce_audio_devices */ = {isa = PBXFileReference; lastKnownFileType = folder; name = juce_audio_devices; path = "/Users/ocordes/JUCE/JUCE-8.0.1/modules/juce_audio_devices"; sourceTree = "<absolute>"; };
		8A92797B40CDABF4088F7F60 /* include_juce_events.mm */ /* include_juce_events.mm */ = {isa = PBXFileReference; lastKnownFileType = sourcecode.cpp.objcpp; name = include_juce_events.mm; path = ../../JuceLibraryCode/include_juce_events.mm; sourceTree = SOURCE_ROOT; };
		92A217F6934BDD943CAF8951 /* juce_data_structures */ /* juce_data_structures */ = {isa = PBXFileReference; lastKnownFileType = folder; name = juce_data_structures; path = "/Users/ocordes/JUCE/JUCE-8.0.1/modules/juce_data_structures"; sourceTree = "<absolute>"; };
		9753D54B3A6ED42A9DE848D4 /* include_juce_dsp.mm */ /* include_juce_dsp.mm */ = {isa = PBXFileReference; lastKnownFileType = sourcecode.cpp.objcpp; name = include_juce_dsp.mm; path = ../../JuceLibraryCode/include_juce_dsp.mm; sourceTree = SOURCE_ROOT; };
		99D525E295521E8971EAD74F /* AudioToolbox.framework */ /* AudioToolbox.framework */ = {isa = PBXFileReference; lastKnownFileType = wrapper.framework; name = AudioToolbox.framework; path = System/Library/Frameworks/AudioToolbox.framework; sourceTree = SDKROOT; };
		9E022982677EB920914306EB /* include_juce_graphics_Harfbuzz.cpp */ /* include_juce_graphics_Harfbuzz.cpp */ = {isa = PBXFileReference; lastKnownFileType = sourcecode.cpp.cpp; name = include_juce_graphics_Harfbuzz.cpp; path = ../../JuceLibraryCode/include_juce_graphics_Harfbuzz.cpp; sourceTree = SOURCE_ROOT; };
		A9A8AA1931F3F0353C16806D /* juce_dsp */ /* juce_dsp */ = {isa = PBXFileReference; lastKnownFileType = folder; name = juce_dsp; path = "/Users/ocordes/JUCE/JUCE-8.0.1/modules/juce_dsp"; sourceTree = "<absolute>"; };
		A9AEBAFE292AF4A5C258BBAD /* RecentFilesMenuTemplate.nib */ /* RecentFilesMenuTemplate.nib */ = {isa = PBXFileReference; lastKnownFileType = file.nib; name = RecentFilesMenuTemplate.nib; path = RecentFilesMenuTemplate.nib; sourceTree = SOURCE_ROOT; };
		A9CFBDDE775F5D47DC0AAC0F /* include_juce_gui_extra.mm */ /* include_juce_gui_extra.mm */ = {isa = PBXFileReference; lastKnownFileType = sourcecode.cpp.objcpp; name = include_juce_gui_extra.mm; path = ../../JuceLibraryCode/include_juce_gui_extra.mm; sourceTree = SOURCE_ROOT; };
		ABF8276A03E3E650B292A60A /* juce_audio_plugin_client */ /* juce_audio_plugin_client */ = {isa = PBXFileReference; lastKnownFileType = folder; name = juce_audio_plugin_client; path = "/Users/ocordes/JUCE/JUCE-8.0.1/modules/juce_audio_plugin_client"; sourceTree = "<absolute>"; };
		ADA78BCDC50987386AB35D7B /* include_juce_audio_processors.mm */ /* include_juce_audio_processors.mm */ = {isa = PBXFileReference; lastKnownFileType = sourcecode.cpp.objcpp; name = include_juce_audio_processors.mm; path = ../../JuceLibraryCode/include_juce_audio_processors.mm; sourceTree = SOURCE_ROOT; };
		AE5A521FDA475B53746F9A9C /* IOKit.framework */ /* IOKit.framework */ = {isa = PBXFileReference; lastKnownFileType = wrapper.framework; name = IOKit.framework; path = System/Library/Frameworks/IOKit.framework; sourceTree = SDKROOT; };
		B56304EBBC4FD186FA24894B /* include_juce_audio_utils.mm */ /* include_juce_audio_utils.mm */ = {isa = PBXFileReference; lastKnownFileType = sourcecode.cpp.objcpp; name = include_juce_audio_utils.mm; path = ../../JuceLibraryCode/include_juce_audio_utils.mm; sourceTree = SOURCE_ROOT; };
		C1109C5710539213F0EA0405 /* Info-VST3.plist */ /* Info-VST3.plist */ = {isa = PBXFileReference; lastKnownFileType = text.plist.xml; name = "Info-VST3.plist"; path = "Info-VST3.plist"; sourceTree = SOURCE_ROOT; };
		C25F28D647BE1B94E87017F2 /* MetalKit.framework */ /* MetalKit.framework */ = {isa = PBXFileReference; lastKnownFileType = wrapper.framework; name = MetalKit.framework; path = System/Library/Frameworks/MetalKit.framework; sourceTree = SDKROOT; };
		C3AF5224A5103519885E2964 /* VST3 Manifest Helper */ = {isa = PBXFileReference; explicitFileType = "compiled.mach-o.executable"; includeInIndex = 0; path = juce_vst3_helper; sourceTree = BUILT_PRODUCTS_DIR; };
		C5B70C7808EEDD8E01E58DBA /* juce_audio_processors */ /* juce_audio_processors */ = {isa = PBXFileReference; lastKnownFileType = folder; name = juce_audio_processors; path = "/Users/ocordes/JUCE/JUCE-8.0.1/modules/juce_audio_processors"; sourceTree = "<absolute>"; };
		CD893E37B4FE345B5264317B /* Foundation.framework */ /* Foundation.framework */ = {isa = PBXFileReference; lastKnownFileType = wrapper.framework; name = Foundation.framework; path = System/Library/Frameworks/Foundation.framework; sourceTree = SDKROOT; };
		D3DED1371843E67DB0AF8E4E /* include_juce_audio_processors_lv2_libs.cpp */ /* include_juce_audio_processors_lv2_libs.cpp */ = {isa = PBXFileReference; lastKnownFileType = sourcecode.cpp.cpp; name = include_juce_audio_processors_lv2_libs.cpp; path = ../../JuceLibraryCode/include_juce_audio_processors_lv2_libs.cpp; sourceTree = SOURCE_ROOT; };
		D4F9DBA07DEA188912428046 /* PluginEditor.cpp */ /* PluginEditor.cpp */ = {isa = PBXFileReference; lastKnownFileType = sourcecode.cpp.cpp; name = PluginEditor.cpp; path = ../../Source/PluginEditor.cpp; sourceTree = SOURCE_ROOT; };
		DE4B4ABC77A66C1025299709 /* include_juce_core_CompilationTime.cpp */ /* include_juce_core_CompilationTime.cpp */ = {isa = PBXFileReference; lastKnownFileType = sourcecode.cpp.cpp; name = include_juce_core_CompilationTime.cpp; path = ../../JuceLibraryCode/include_juce_core_CompilationTime.cpp; sourceTree = SOURCE_ROOT; };
		E2B1459D77752B0F9C8C15A7 /* VST3 */ = {isa = PBXFileReference; explicitFileType = wrapper.cfbundle; includeInIndex = 0; path = juce_audio_fft.vst3; sourceTree = BUILT_PRODUCTS_DIR; };
		E3D9709485CEC93CF6F5782A /* Shared Code */ = {isa = PBXFileReference; explicitFileType = archive.ar; includeInIndex = 0; path = libjuce_audio_fft.a; sourceTree = BUILT_PRODUCTS_DIR; };
		E459E06DC6B212D73852126F /* include_juce_audio_processors_ara.cpp */ /* include_juce_audio_processors_ara.cpp */ = {isa = PBXFileReference; lastKnownFileType = sourcecode.cpp.cpp; name = include_juce_audio_processors_ara.cpp; path = ../../JuceLibraryCode/include_juce_audio_processors_ara.cpp; sourceTree = SOURCE_ROOT; };
		F0F0067F804741FFDF8AD824 /* PluginEditor.h */ /* PluginEditor.h */ = {isa = PBXFileReference; lastKnownFileType = sourcecode.c.h; name = PluginEditor.h; path = ../../Source/PluginEditor.h; sourceTree = SOURCE_ROOT; };
		F36BCA2BF3AFE07A24BC22D0 /* juce_graphics */ /* juce_graphics */ = {isa = PBXFileReference; lastKnownFileType = folder; name = juce_graphics; path = "/Users/ocordes/JUCE/JUCE-8.0.1/modules/juce_graphics"; sourceTree = "<absolute>"; };
		F5854ACA3ECBC72B9CC02370 /* PluginProcessor.cpp */ /* PluginProcessor.cpp */ = {isa = PBXFileReference; lastKnownFileType = sourcecode.cpp.cpp; name = PluginProcessor.cpp; path = ../../Source/PluginProcessor.cpp; sourceTree = SOURCE_ROOT; };
		F58E88421D6819DAB65B8E22 /* juce_audio_basics */ /* juce_audio_basics */ = {isa = PBXFileReference; lastKnownFileType = folder; name = juce_audio_basics; path = "/Users/ocordes/JUCE/JUCE-8.0.1/modules/juce_audio_basics"; sourceTree = "<absolute>"; };
/* End PBXFileReference section */

/* Begin PBXFrameworksBuildPhase section */
		83640CA0761DCC073746BB5B = {
			isa = PBXFrameworksBuildPhase;
			buildActionMask = 2147483647;
			files = (
				C1BCFCDC7D575938B4EA8341,
				F4C6B701B3560D35007F23D2,
				817C4A6D7735BB51B8E1E55B,
				F3198145B1EC282DB4ACC162,
				E8779394CB707C38E4A1F86C,
				13AFCA414F6368D7D30FE5AA,
				FFFF7D171661A379BEB3AEAE,
				C2E5524CFF264D44899C3CA9,
				04F750CE21EBEB8AB64F593A,
				044F48C8E013F306EE04935E,
				559654C051B3279DA9D2F22B,
				A67B3CDDDFCF3D4A6BF94E09,
				26E1420C2098482C8E92C4BF,
				4E62C4CE58EAEB6B2CA47BE5,
			);
			runOnlyForDeploymentPostprocessing = 0;
		};
		8562695F50D5772FC2D7198F = {
			isa = PBXFrameworksBuildPhase;
			buildActionMask = 2147483647;
			files = (
				C1BCFCDC7D575938B4EA8341,
				F4C6B701B3560D35007F23D2,
				817C4A6D7735BB51B8E1E55B,
				F3198145B1EC282DB4ACC162,
				E8779394CB707C38E4A1F86C,
				13AFCA414F6368D7D30FE5AA,
				FFFF7D171661A379BEB3AEAE,
				C2E5524CFF264D44899C3CA9,
				04F750CE21EBEB8AB64F593A,
				044F48C8E013F306EE04935E,
				559654C051B3279DA9D2F22B,
				A67B3CDDDFCF3D4A6BF94E09,
				26E1420C2098482C8E92C4BF,
				4E62C4CE58EAEB6B2CA47BE5,
			);
			runOnlyForDeploymentPostprocessing = 0;
		};
/* End PBXFrameworksBuildPhase section */

/* Begin PBXGroup section */
		475AC28F64ECDDC715A73F41 /* juce_audio_fft */ = {
			isa = PBXGroup;
			children = (
				7E2E0581D036952BE4BBC5C6,
			);
			name = juce_audio_fft;
			sourceTree = "<group>";
		};
		5894011935195ADEF65389C7 /* JUCE Library Code */ = {
			isa = PBXGroup;
			children = (
				522E40202F58271CA5E94EB5,
				07F02C8F191CD9974D1FFFC1,
				06598636102D2B65065A2812,
				17A3DA6A6D7A28DF952C92B6,
				3E333CA596801FA276BFAE27,
				ADA78BCDC50987386AB35D7B,
				E459E06DC6B212D73852126F,
				D3DED1371843E67DB0AF8E4E,
				B56304EBBC4FD186FA24894B,
				3820112351411665FFCD112C,
				DE4B4ABC77A66C1025299709,
				856697B9659E03C105EFAD55,
				9753D54B3A6ED42A9DE848D4,
				8A92797B40CDABF4088F7F60,
				0AA01C62E217956D66EB1DCE,
				9E022982677EB920914306EB,
				77E9234E42D232372CDBF30E,
				A9CFBDDE775F5D47DC0AAC0F,
				696DB79B42118D72EEEBDEE2,
				2DCADC5868FCE5DE6C24584C,
			);
			name = "JUCE Library Code";
			sourceTree = "<group>";
		};
		70B3CAAC4B8BAB3CF2E9941D /* Source */ = {
			isa = PBXGroup;
			children = (
				475AC28F64ECDDC715A73F41,
				98F5CB9910BF69F2DDDB0CE9,
				5894011935195ADEF65389C7,
				87159E98CB4908C0467A6EDC,
				DBB049253D4A7D19A07A6198,
				781CFEF7B6A16F09B262C281,
			);
			name = Source;
			sourceTree = "<group>";
		};
		781CFEF7B6A16F09B262C281 /* Products */ = {
			isa = PBXGroup;
			children = (
				E2B1459D77752B0F9C8C15A7,
				E3D9709485CEC93CF6F5782A,
				C3AF5224A5103519885E2964,
			);
			name = Products;
			sourceTree = "<group>";
		};
		7E2E0581D036952BE4BBC5C6 /* Source */ = {
			isa = PBXGroup;
			children = (
				F5854ACA3ECBC72B9CC02370,
				5C48E2EFA9E392A6FA2C56BE,
				D4F9DBA07DEA188912428046,
				F0F0067F804741FFDF8AD824,
				13B0E941705510386D7F72D6,
				4169C0807023246740713A99,
			);
			name = Source;
			sourceTree = "<group>";
		};
		87159E98CB4908C0467A6EDC /* Resources */ = {
			isa = PBXGroup;
			children = (
				C1109C5710539213F0EA0405,
				72EAC973E3D46BBE2648412F,
				A9AEBAFE292AF4A5C258BBAD,
			);
			name = Resources;
			sourceTree = "<group>";
		};
		98F5CB9910BF69F2DDDB0CE9 /* JUCE Modules */ = {
			isa = PBXGroup;
			children = (
				F58E88421D6819DAB65B8E22,
				8745AB9F5642CE7941220212,
				40A29866CC8E556CE242DF49,
				ABF8276A03E3E650B292A60A,
				C5B70C7808EEDD8E01E58DBA,
				64AA7852F3E3680CC4D4E77D,
				707EFED0458CE429B3804163,
				92A217F6934BDD943CAF8951,
				A9A8AA1931F3F0353C16806D,
				6CA8C108A7869CF0C6D08A32,
				F36BCA2BF3AFE07A24BC22D0,
				04A63A4F785A6F03425DA8B1,
				3692EF064F5988CCC15D2B87,
			);
			name = "JUCE Modules";
			sourceTree = "<group>";
		};
		DBB049253D4A7D19A07A6198 /* Frameworks */ = {
			isa = PBXGroup;
			children = (
				81747DFF012860779B87461B,
				99D525E295521E8971EAD74F,
				549B2DE4FB9FB666A56E2D74,
				6F1FFBC40C71138A1B7763D7,
				72D643B3B21FA419534209C3,
				2F07D2C1C31CFBA1A1757FC8,
				1430B93D32AFB900608FEB2D,
				CD893E37B4FE345B5264317B,
				AE5A521FDA475B53746F9A9C,
				58379624C6402654CB71A0F9,
				03A20A1BABDA01ABF82AD15A,
				83386972E4020C209D07F1E0,
				33A7B60D94F3212C8777D20F,
				C25F28D647BE1B94E87017F2,
			);
			name = Frameworks;
			sourceTree = "<group>";
		};
/* End PBXGroup section */

/* Begin PBXNativeTarget section */
		27E911F2FA177E78E49C520F /* juce_audio_fft - VST3 Manifest Helper */ = {
			isa = PBXNativeTarget;
			buildConfigurationList = B38F2D5805C4747BD9FDD771;
			buildPhases = (
				9D3097C78E4640E4F232AE62,
				8562695F50D5772FC2D7198F,
			);
			buildRules = (
			);
			dependencies = (
			);
			name = "juce_audio_fft - VST3 Manifest Helper";
			productName = juce_audio_fft;
			productReference = C3AF5224A5103519885E2964;
			productType = "com.apple.product-type.tool";
		};
		D691916468F0B9572F22EBC8 /* juce_audio_fft - VST3 */ = {
			isa = PBXNativeTarget;
			buildConfigurationList = 88AB401CF69FC0030005C05A;
			buildPhases = (
				CF6EA0736DD3EE775CB42A17,
				8F1EEE35D1A6ACA23AD2BE21,
				83640CA0761DCC073746BB5B,
				565C3DEE8921514D4BB91DCF,
				4033E5BFF5D34959108A564A,
			);
			buildRules = (
			);
			dependencies = (
				705D656F5EFB75A5D029AEDA,
				9E5D840B56AA4B5C47F6BF29,
			);
			name = "juce_audio_fft - VST3";
			productName = juce_audio_fft;
			productReference = E2B1459D77752B0F9C8C15A7;
			productType = "com.apple.product-type.bundle";
		};
		F8F01ACB230961607FFA1AB9 /* juce_audio_fft - Shared Code */ = {
			isa = PBXNativeTarget;
			buildConfigurationList = 56344135BA60E3228CBDD3A3;
			buildPhases = (
				72B6389EE21D39F7B81BB4DD,
			);
			buildRules = (
			);
			dependencies = (
			);
			name = "juce_audio_fft - Shared Code";
			productName = juce_audio_fft;
			productReference = E3D9709485CEC93CF6F5782A;
			productType = "com.apple.product-type.library.static";
		};
/* End PBXNativeTarget section */

/* Begin PBXProject section */
		FB42CFD97BC3D3CE12E1CD06 = {
			isa = PBXProject;
			attributes = {
				BuildIndependentTargetsInParallel = YES;
				LastUpgradeCheck = 1340;
				ORGANIZATIONNAME = "Oliver Cordes";
				TargetAttributes = {
					27E911F2FA177E78E49C520F = {
						SystemCapabilities = {
							com.apple.ApplicationGroups.iOS = {
								enabled = 0;
							};
							com.apple.HardenedRuntime = {
								enabled = 0;
							};
							com.apple.InAppPurchase = {
								enabled = 0;
							};
							com.apple.InterAppAudio = {
								enabled = 0;
							};
							com.apple.Push = {
								enabled = 0;
							};
							com.apple.Sandbox = {
								enabled = 0;
							};
						};
					};
					700522059EE1E0E8806B0E1E = {
						SystemCapabilities = {
							com.apple.ApplicationGroups.iOS = {
								enabled = 0;
							};
							com.apple.HardenedRuntime = {
								enabled = 0;
							};
							com.apple.InAppPurchase = {
								enabled = 0;
							};
							com.apple.InterAppAudio = {
								enabled = 0;
							};
							com.apple.Push = {
								enabled = 0;
							};
							com.apple.Sandbox = {
								enabled = 0;
							};
						};
					};
					D691916468F0B9572F22EBC8 = {
						SystemCapabilities = {
							com.apple.ApplicationGroups.iOS = {
								enabled = 0;
							};
							com.apple.HardenedRuntime = {
								enabled = 0;
							};
							com.apple.InAppPurchase = {
								enabled = 0;
							};
							com.apple.InterAppAudio = {
								enabled = 0;
							};
							com.apple.Push = {
								enabled = 0;
							};
							com.apple.Sandbox = {
								enabled = 0;
							};
						};
					};
					F8F01ACB230961607FFA1AB9 = {
						SystemCapabilities = {
							com.apple.ApplicationGroups.iOS = {
								enabled = 0;
							};
							com.apple.HardenedRuntime = {
								enabled = 0;
							};
							com.apple.InAppPurchase = {
								enabled = 0;
							};
							com.apple.InterAppAudio = {
								enabled = 0;
							};
							com.apple.Push = {
								enabled = 0;
							};
							com.apple.Sandbox = {
								enabled = 0;
							};
						};
					};
				};
			};
			buildConfigurationList = 0A5789757BAE2174FF248676;
			compatibilityVersion = "Xcode 3.2";
			hasScannedForEncodings = 0;
			knownRegions = (
				en,
				Base,
			);
			mainGroup = 70B3CAAC4B8BAB3CF2E9941D;
			projectDirPath = "";
			projectRoot = "";
			targets = (
				700522059EE1E0E8806B0E1E,
				D691916468F0B9572F22EBC8,
				F8F01ACB230961607FFA1AB9,
				27E911F2FA177E78E49C520F,
			);
		};
/* End PBXProject section */

/* Begin PBXResourcesBuildPhase section */
		CF6EA0736DD3EE775CB42A17 = {
			isa = PBXResourcesBuildPhase;
			buildActionMask = 2147483647;
			files = (
				DB47EDBC4C60F321FA1FC868,
			);
			runOnlyForDeploymentPostprocessing = 0;
		};
/* End PBXResourcesBuildPhase section */

/* Begin PBXShellScriptBuildPhase section */
		4033E5BFF5D34959108A564A /* Plugin Copy Step */ = {
			isa = PBXShellScriptBuildPhase;
			buildActionMask = 2147483647;
			files = (
			);
			runOnlyForDeploymentPostprocessing = 0;
			name = "Plugin Copy Step";
			alwaysOutOfDate = 1;
			shellPath = /bin/sh;
			shellScript = "set -euo pipefail\n\nif [[ \"${CONFIGURATION}\" == \"Debug\" ]]; then\n  destinationPlugin=\"${HOME}/Library/Audio/Plug-Ins/VST3//$(basename \"${TARGET_BUILD_DIR}/${FULL_PRODUCT_NAME}\")\"\n  echo Running rm -rf \\\"${destinationPlugin}\\\"\n  rm -rf \"${destinationPlugin}\"\n  echo Running ditto \\\"${TARGET_BUILD_DIR}/${FULL_PRODUCT_NAME}\\\" \\\"${destinationPlugin}\\\"\n  ditto \"${TARGET_BUILD_DIR}/${FULL_PRODUCT_NAME}\" \"${destinationPlugin}\"\n\n  if [[ -n \"${EXPANDED_CODE_SIGN_IDENTITY-}\" ]]; then\n    if [[ -n \"${CODE_SIGN_ENTITLEMENTS-}\" ]]; then\n      entitlementsArg=(--entitlements \"${CODE_SIGN_ENTITLEMENTS}\")\n    fi\n\n    echo Signing Identity: \\\"${EXPANDED_CODE_SIGN_IDENTITY_NAME}\\\"\n    echo Running codesign --verbose=4 --force --sign \\\"${EXPANDED_CODE_SIGN_IDENTITY}\\\" ${entitlementsArg[*]-} ${OTHER_CODE_SIGN_FLAGS-} \\\"${HOME}/Library/Audio/Plug-Ins/VST3//${FULL_PRODUCT_NAME}\\\"\n    codesign --verbose=4 --force --sign \"${EXPANDED_CODE_SIGN_IDENTITY}\" ${entitlementsArg[*]-} ${OTHER_CODE_SIGN_FLAGS-} \"${HOME}/Library/Audio/Plug-Ins/VST3//${FULL_PRODUCT_NAME}\"\n  fi\nfi\n\nif [[ \"${CONFIGURATION}\" == \"Release\" ]]; then\n  destinationPlugin=\"${HOME}/Library/Audio/Plug-Ins/VST3//$(basename \"${TARGET_BUILD_DIR}/${FULL_PRODUCT_NAME}\")\"\n  echo Running rm -rf \\\"${destinationPlugin}\\\"\n  rm -rf \"${destinationPlugin}\"\n  echo Running ditto \\\"${TARGET_BUILD_DIR}/${FULL_PRODUCT_NAME}\\\" \\\"${destinationPlugin}\\\"\n  ditto \"${TARGET_BUILD_DIR}/${FULL_PRODUCT_NAME}\" \"${destinationPlugin}\"\n\n  if [[ -n \"${EXPANDED_CODE_SIGN_IDENTITY-}\" ]]; then\n    if [[ -n \"${CODE_SIGN_ENTITLEMENTS-}\" ]]; then\n      entitlementsArg=(--entitlements \"${CODE_SIGN_ENTITLEMENTS}\")\n    fi\n\n    echo Signing Identity: \\\"${EXPANDED_CODE_SIGN_IDENTITY_NAME}\\\"\n    echo Running codesign --verbose=4 --force --sign \\\"${EXPANDED_CODE_SIGN_IDENTITY}\\\" ${entitlementsArg[*]-} ${OTHER_CODE_SIGN_FLAGS-} \\\"${HOME}/Library/Audio/Plug-Ins/VST3//${FULL_PRODUCT_NAME}\\\"\n    codesign --verbose=4 --force --sign \"${EXPANDED_CODE_SIGN_IDENTITY}\" ${entitlementsArg[*]-} ${OTHER_CODE_SIGN_FLAGS-} \"${HOME}/Library/Audio/Plug-Ins/VST3//${FULL_PRODUCT_NAME}\"\n  fi\nfi\n";
		};
		565C3DEE8921514D4BB91DCF /* Update manifest */ = {
			isa = PBXShellScriptBuildPhase;
			buildActionMask = 2147483647;
			files = (
			);
			runOnlyForDeploymentPostprocessing = 0;
			name = "Update manifest";
			alwaysOutOfDate = 1;
			shellPath = /bin/sh;
			shellScript = "set -euo pipefail\n\necho Running codesign --verbose=4 --force --sign - \\\"${CONFIGURATION_BUILD_DIR}/${FULL_PRODUCT_NAME}\\\"\ncodesign --verbose=4 --force --sign - \"${CONFIGURATION_BUILD_DIR}/${FULL_PRODUCT_NAME}\"\n\necho Running \\\"${CONFIGURATION_BUILD_DIR}/juce_vst3_helper\\\" -create -version \\\"1.0.0\\\" -path \\\"${CONFIGURATION_BUILD_DIR}/${FULL_PRODUCT_NAME}\\\" -output \\\"${CONFIGURATION_BUILD_DIR}/${FULL_PRODUCT_NAME}/Contents/Resources/moduleinfo.json\\\"\n\"${CONFIGURATION_BUILD_DIR}/juce_vst3_helper\" -create -version \"1.0.0\" -path \"${CONFIGURATION_BUILD_DIR}/${FULL_PRODUCT_NAME}\" -output \"${CONFIGURATION_BUILD_DIR}/${FULL_PRODUCT_NAME}/Contents/Resources/moduleinfo.json\"\n";
		};
/* End PBXShellScriptBuildPhase section */

/* Begin PBXSourcesBuildPhase section */
		72B6389EE21D39F7B81BB4DD = {
			isa = PBXSourcesBuildPhase;
			buildActionMask = 2147483647;
			files = (
				AE9D2D1D9520D0C4AD0E4A76,
				73B4E42E2EA8393F095743DA,
				E461BA24FAB9398CE849D64A,
				1214477136B202AF4713A29A,
				782292E812C06920DA48882F,
				00E3AD34458D87E4AC811A0B,
				9326F379A94249EEA7514607,
				975E28E7975DF952B07F5FFF,
				12FB59CAA8E7DAEEB74A12F7,
				DD21C0ED7E5E9A0CFA1D5344,
				E170117CB3231E8E126927BE,
				0848996C1DD480E48049CBB0,
				7C2C974640CD2DAC875614A5,
				BA7753703A4E458408EA6041,
				7424FD96C66D7E5B205A44B4,
				DF24F4D1FEC1A7A9BBBD8405,
				645CC885DFFD1071FF75CD94,
				D696330FB4E2BE87A6C53CCB,
				FBE75915094C8079E7203374,
				9C6808C89290BE90471C1AB0,
			);
			runOnlyForDeploymentPostprocessing = 0;
		};
		8F1EEE35D1A6ACA23AD2BE21 = {
			isa = PBXSourcesBuildPhase;
			buildActionMask = 2147483647;
			files = (
				A6FF15F9A77A962A54AEA0F2,
			);
			runOnlyForDeploymentPostprocessing = 0;
		};
		9D3097C78E4640E4F232AE62 = {
			isa = PBXSourcesBuildPhase;
			buildActionMask = 2147483647;
			files = (
				9363FA987BDC1007EAB7B437,
			);
			runOnlyForDeploymentPostprocessing = 0;
		};
/* End PBXSourcesBuildPhase section */

/* Begin PBXTargetDependency section */
		705D656F5EFB75A5D029AEDA = {
			isa = PBXTargetDependency;
			target = F8F01ACB230961607FFA1AB9;
		};
		9E5D840B56AA4B5C47F6BF29 = {
			isa = PBXTargetDependency;
			target = 27E911F2FA177E78E49C520F;
		};
		DF793154A8A476502B0E90A2 = {
			isa = PBXTargetDependency;
			target = F8F01ACB230961607FFA1AB9;
		};
		E9D69C52CDFF7DA19A0091CB = {
			isa = PBXTargetDependency;
			target = 27E911F2FA177E78E49C520F;
		};
		EC166CECC296F42718841A99 = {
			isa = PBXTargetDependency;
			target = D691916468F0B9572F22EBC8;
		};
/* End PBXTargetDependency section */

/* Begin XCBuildConfiguration section */
		13AEA16BFDC119F63EAA399F /* Release */ = {
			isa = XCBuildConfiguration;
			buildSettings = {
				ALWAYS_SEARCH_USER_PATHS = NO;
				CLANG_ENABLE_OBJC_WEAK = YES;
				CLANG_WARN_BLOCK_CAPTURE_AUTORELEASING = YES;
				CLANG_WARN_BOOL_CONVERSION = YES;
				CLANG_WARN_COMMA = YES;
				CLANG_WARN_CONSTANT_CONVERSION = YES;
				CLANG_WARN_DEPRECATED_OBJC_IMPLEMENTATIONS = YES;
				CLANG_WARN_EMPTY_BODY = YES;
				CLANG_WARN_ENUM_CONVERSION = YES;
				CLANG_WARN_INFINITE_RECURSION = YES;
				CLANG_WARN_INT_CONVERSION = YES;
				CLANG_WARN_NON_LITERAL_NULL_CONVERSION = YES;
				CLANG_WARN_OBJC_IMPLICIT_RETAIN_SELF = YES;
				CLANG_WARN_OBJC_LITERAL_CONVERSION = YES;
				CLANG_WARN_RANGE_LOOP_ANALYSIS = YES;
				CLANG_WARN_STRICT_PROTOTYPES = YES;
				CLANG_WARN_SUSPICIOUS_MOVE = YES;
				CLANG_WARN_UNREACHABLE_CODE = YES;
				CLANG_WARN__DUPLICATE_METHOD_MATCH = YES;
				DEBUG_INFORMATION_FORMAT = dwarf;
				ENABLE_STRICT_OBJC_MSGSEND = YES;
				ENABLE_TESTABILITY = NO;
				GCC_C_LANGUAGE_STANDARD = c11;
				GCC_INLINES_ARE_PRIVATE_EXTERN = YES;
				GCC_MODEL_TUNING = G5;
				GCC_NO_COMMON_BLOCKS = YES;
				GCC_SYMBOLS_PRIVATE_EXTERN = YES;
				GCC_WARN_64_TO_32_BIT_CONVERSION = YES;
				GCC_WARN_ABOUT_RETURN_TYPE = YES;
				GCC_WARN_CHECK_SWITCH_STATEMENTS = YES;
				GCC_WARN_MISSING_PARENTHESES = YES;
				GCC_WARN_NON_VIRTUAL_DESTRUCTOR = YES;
				GCC_WARN_TYPECHECK_CALLS_TO_PRINTF = YES;
				GCC_WARN_UNDECLARED_SELECTOR = YES;
				GCC_WARN_UNINITIALIZED_AUTOS = YES;
				GCC_WARN_UNUSED_FUNCTION = YES;
				GCC_WARN_UNUSED_VARIABLE = YES;
				OTHER_CODE_SIGN_FLAGS = --timestamp;
				PRODUCT_NAME = "juce_audio_fft";
				SDKROOT = macosx;
				WARNING_CFLAGS = "-Wreorder";
				ZERO_LINK = NO;
			};
			name = Release;
		};
		450615B68A9D3BCC7DA72E29 /* Release */ = {
			isa = XCBuildConfiguration;
			buildSettings = {
				CLANG_CXX_LANGUAGE_STANDARD = "c++17";
				CLANG_CXX_LIBRARY = "libc++";
				CLANG_LINK_OBJC_RUNTIME = NO;
				COMBINE_HIDPI_IMAGES = YES;
				CONFIGURATION_BUILD_DIR = "$(PROJECT_DIR)/build/$(CONFIGURATION)";
				DEAD_CODE_STRIPPING = YES;
				EXCLUDED_ARCHS = "";
				GCC_GENERATE_DEBUGGING_SYMBOLS = NO;
				GCC_OPTIMIZATION_LEVEL = 3;
				GCC_PREPROCESSOR_DEFINITIONS = (
					"_NDEBUG=1",
					"NDEBUG=1",
					"JUCE_PROJUCER_VERSION=0x80001",
					"JUCE_MODULE_AVAILABLE_juce_audio_basics=1",
					"JUCE_MODULE_AVAILABLE_juce_audio_devices=1",
					"JUCE_MODULE_AVAILABLE_juce_audio_formats=1",
					"JUCE_MODULE_AVAILABLE_juce_audio_plugin_client=1",
					"JUCE_MODULE_AVAILABLE_juce_audio_processors=1",
					"JUCE_MODULE_AVAILABLE_juce_audio_utils=1",
					"JUCE_MODULE_AVAILABLE_juce_core=1",
					"JUCE_MODULE_AVAILABLE_juce_data_structures=1",
					"JUCE_MODULE_AVAILABLE_juce_dsp=1",
					"JUCE_MODULE_AVAILABLE_juce_events=1",
					"JUCE_MODULE_AVAILABLE_juce_graphics=1",
					"JUCE_MODULE_AVAILABLE_juce_gui_basics=1",
					"JUCE_MODULE_AVAILABLE_juce_gui_extra=1",
					"JUCE_GLOBAL_MODULE_SETTINGS_INCLUDED=1",
					"JUCE_VST3_CAN_REPLACE_VST2=0",
					"JUCE_STRICT_REFCOUNTEDPOINTER=1",
					"JucePlugin_Build_VST=0",
					"JucePlugin_Build_VST3=0",
					"JucePlugin_Build_AU=0",
					"JucePlugin_Build_AUv3=0",
					"JucePlugin_Build_AAX=0",
					"JucePlugin_Build_Standalone=0",
					"JucePlugin_Build_Unity=0",
					"JucePlugin_Build_LV2=0",
					"JucePlugin_Enable_IAA=0",
					"JucePlugin_Enable_ARA=0",
					"JucePlugin_Name=\\\"juce_audio_fft\\\"",
					"JucePlugin_Desc=\\\"juce_audio_fft\\\"",
					"JucePlugin_Manufacturer=\\\"Oliver\\ Cordes\\\"",
					"JucePlugin_ManufacturerWebsite=\\\"www.chief-ocordes.de\\\"",
					"JucePlugin_ManufacturerEmail=\\\"ocordes@gmx.net\\\"",
					"JucePlugin_ManufacturerCode=0x4d616e75",
					"JucePlugin_PluginCode=0x416f7270",
					"JucePlugin_IsSynth=0",
					"JucePlugin_WantsMidiInput=0",
					"JucePlugin_ProducesMidiOutput=0",
					"JucePlugin_IsMidiEffect=0",
					"JucePlugin_EditorRequiresKeyboardFocus=0",
					"JucePlugin_Version=1.0.0",
					"JucePlugin_VersionCode=0x10000",
					"JucePlugin_VersionString=\\\"1.0.0\\\"",
					"JucePlugin_VSTUniqueID=JucePlugin_PluginCode",
					"JucePlugin_VSTCategory=kPlugCategEffect",
					"JucePlugin_Vst3Category=\\\"Fx\\\"",
					"JucePlugin_AUMainType=\\'aufx\\'",
					"JucePlugin_AUSubType=JucePlugin_PluginCode",
					"JucePlugin_AUExportPrefix=juce_audio_fftAU",
					"JucePlugin_AUExportPrefixQuoted=\\\"juce_audio_fftAU\\\"",
					"JucePlugin_AUManufacturerCode=JucePlugin_ManufacturerCode",
					"JucePlugin_CFBundleIdentifier=com.OliverCordes.JuceAudioFFT",
					"JucePlugin_AAXIdentifier=com.OliverCordes.juce_audio_fft",
					"JucePlugin_AAXManufacturerCode=JucePlugin_ManufacturerCode",
					"JucePlugin_AAXProductId=JucePlugin_PluginCode",
					"JucePlugin_AAXCategory=0",
					"JucePlugin_AAXDisableBypass=0",
					"JucePlugin_AAXDisableMultiMono=0",
					"JucePlugin_IAAType=0x61757278",
					"JucePlugin_IAASubType=JucePlugin_PluginCode",
					"JucePlugin_IAAName=\\\"Oliver\\ Cordes:\\ juce_audio_fft\\\"",
					"JucePlugin_VSTNumMidiInputs=16",
					"JucePlugin_VSTNumMidiOutputs=16",
					"JucePlugin_ARAContentTypes=0",
					"JucePlugin_ARATransformationFlags=0",
					"JucePlugin_ARAFactoryID=\\\"com.OliverCordes.juce_audio_fft.factory\\\"",
					"JucePlugin_ARADocumentArchiveID=\\\"com.OliverCordes.juce_audio_fft.aradocumentarchive.1.0.0\\\"",
					"JucePlugin_ARACompatibleArchiveIDs=\\\"\\\"",
					"JUCE_STANDALONE_APPLICATION=JucePlugin_Build_Standalone",
					"JUCER_XCODE_MAC_F6D2F4CF=1",
					"JUCE_APP_VERSION=1.0.0",
					"JUCE_APP_VERSION_HEX=0x10000",
				);
				GCC_VERSION = com.apple.compilers.llvm.clang.1_0;
				HEADER_SEARCH_PATHS = (
					"/Users/ocordes/JUCE/JUCE-8.0.1/modules/juce_audio_processors/format_types/VST3_SDK",
					"$(SRCROOT)/../../JuceLibraryCode",
					"/Users/ocordes/JUCE/JUCE-8.0.1/modules",
					"/Users/ocordes/JUCE/JUCE-8.0.1/modules/juce_audio_plugin_client/AU",
					"$(inherited)",
				);
				INFOPLIST_FILE = Info-VST3_Manifest_Helper.plist;
				INFOPLIST_PREPROCESS = NO;
				LLVM_LTO = YES;
				MACOSX_DEPLOYMENT_TARGET = 10.13;
				MTL_HEADER_SEARCH_PATHS = "/Users/ocordes/JUCE/JUCE-8.0.1/modules/juce_audio_processors/format_types/VST3_SDK $(SRCROOT)/../../JuceLibraryCode /Users/ocordes/JUCE/JUCE-8.0.1/modules /Users/ocordes/JUCE/JUCE-8.0.1/modules/juce_audio_plugin_client/AU";
				PRODUCT_BUNDLE_IDENTIFIER = com.OliverCordes.JuceAudioFFT;
				PRODUCT_NAME = "juce_vst3_helper";
				USE_HEADERMAP = NO;
				VALID_ARCHS = "i386 x86_64 arm64 arm64e";
			};
			name = Release;
		};
		4AD1A0A8D2924F64517D85AF /* Release */ = {
			isa = XCBuildConfiguration;
			buildSettings = {
				MACOSX_DEPLOYMENT_TARGET = 10.13;
				SDKROOT = macosx;
			};
			name = Release;
		};
		91F157CC7697805C53AE9BC0 /* Release */ = {
			isa = XCBuildConfiguration;
			buildSettings = {
				CLANG_CXX_LANGUAGE_STANDARD = "c++17";
				CLANG_CXX_LIBRARY = "libc++";
				CLANG_LINK_OBJC_RUNTIME = NO;
				COMBINE_HIDPI_IMAGES = YES;
				CONFIGURATION_BUILD_DIR = "$(PROJECT_DIR)/build/$(CONFIGURATION)";
				DEAD_CODE_STRIPPING = YES;
				EXCLUDED_ARCHS = "";
				GCC_GENERATE_DEBUGGING_SYMBOLS = NO;
				GCC_OPTIMIZATION_LEVEL = 3;
				GCC_PREPROCESSOR_DEFINITIONS = (
					"_NDEBUG=1",
					"NDEBUG=1",
					"JUCE_PROJUCER_VERSION=0x80001",
					"JUCE_MODULE_AVAILABLE_juce_audio_basics=1",
					"JUCE_MODULE_AVAILABLE_juce_audio_devices=1",
					"JUCE_MODULE_AVAILABLE_juce_audio_formats=1",
					"JUCE_MODULE_AVAILABLE_juce_audio_plugin_client=1",
					"JUCE_MODULE_AVAILABLE_juce_audio_processors=1",
					"JUCE_MODULE_AVAILABLE_juce_audio_utils=1",
					"JUCE_MODULE_AVAILABLE_juce_core=1",
					"JUCE_MODULE_AVAILABLE_juce_data_structures=1",
					"JUCE_MODULE_AVAILABLE_juce_dsp=1",
					"JUCE_MODULE_AVAILABLE_juce_events=1",
					"JUCE_MODULE_AVAILABLE_juce_graphics=1",
					"JUCE_MODULE_AVAILABLE_juce_gui_basics=1",
					"JUCE_MODULE_AVAILABLE_juce_gui_extra=1",
					"JUCE_GLOBAL_MODULE_SETTINGS_INCLUDED=1",
					"JUCE_VST3_CAN_REPLACE_VST2=0",
					"JUCE_STRICT_REFCOUNTEDPOINTER=1",
					"JucePlugin_Build_VST=0",
					"JucePlugin_Build_VST3=1",
					"JucePlugin_Build_AU=0",
					"JucePlugin_Build_AUv3=0",
					"JucePlugin_Build_AAX=0",
					"JucePlugin_Build_Standalone=0",
					"JucePlugin_Build_Unity=0",
					"JucePlugin_Build_LV2=0",
					"JucePlugin_Enable_IAA=0",
					"JucePlugin_Enable_ARA=0",
					"JucePlugin_Name=\\\"juce_audio_fft\\\"",
					"JucePlugin_Desc=\\\"juce_audio_fft\\\"",
					"JucePlugin_Manufacturer=\\\"Oliver\\ Cordes\\\"",
					"JucePlugin_ManufacturerWebsite=\\\"www.chief-ocordes.de\\\"",
					"JucePlugin_ManufacturerEmail=\\\"ocordes@gmx.net\\\"",
					"JucePlugin_ManufacturerCode=0x4d616e75",
					"JucePlugin_PluginCode=0x416f7270",
					"JucePlugin_IsSynth=0",
					"JucePlugin_WantsMidiInput=0",
					"JucePlugin_ProducesMidiOutput=0",
					"JucePlugin_IsMidiEffect=0",
					"JucePlugin_EditorRequiresKeyboardFocus=0",
					"JucePlugin_Version=1.0.0",
					"JucePlugin_VersionCode=0x10000",
					"JucePlugin_VersionString=\\\"1.0.0\\\"",
					"JucePlugin_VSTUniqueID=JucePlugin_PluginCode",
					"JucePlugin_VSTCategory=kPlugCategEffect",
					"JucePlugin_Vst3Category=\\\"Fx\\\"",
					"JucePlugin_AUMainType=\\'aufx\\'",
					"JucePlugin_AUSubType=JucePlugin_PluginCode",
					"JucePlugin_AUExportPrefix=juce_audio_fftAU",
					"JucePlugin_AUExportPrefixQuoted=\\\"juce_audio_fftAU\\\"",
					"JucePlugin_AUManufacturerCode=JucePlugin_ManufacturerCode",
					"JucePlugin_CFBundleIdentifier=com.OliverCordes.JuceAudioFFT",
					"JucePlugin_AAXIdentifier=com.OliverCordes.juce_audio_fft",
					"JucePlugin_AAXManufacturerCode=JucePlugin_ManufacturerCode",
					"JucePlugin_AAXProductId=JucePlugin_PluginCode",
					"JucePlugin_AAXCategory=0",
					"JucePlugin_AAXDisableBypass=0",
					"JucePlugin_AAXDisableMultiMono=0",
					"JucePlugin_IAAType=0x61757278",
					"JucePlugin_IAASubType=JucePlugin_PluginCode",
					"JucePlugin_IAAName=\\\"Oliver\\ Cordes:\\ juce_audio_fft\\\"",
					"JucePlugin_VSTNumMidiInputs=16",
					"JucePlugin_VSTNumMidiOutputs=16",
					"JucePlugin_ARAContentTypes=0",
					"JucePlugin_ARATransformationFlags=0",
					"JucePlugin_ARAFactoryID=\\\"com.OliverCordes.juce_audio_fft.factory\\\"",
					"JucePlugin_ARADocumentArchiveID=\\\"com.OliverCordes.juce_audio_fft.aradocumentarchive.1.0.0\\\"",
					"JucePlugin_ARACompatibleArchiveIDs=\\\"\\\"",
					"JUCE_STANDALONE_APPLICATION=JucePlugin_Build_Standalone",
					"JUCER_XCODE_MAC_F6D2F4CF=1",
					"JUCE_APP_VERSION=1.0.0",
					"JUCE_APP_VERSION_HEX=0x10000",
					"JUCE_SHARED_CODE=1",
				);
				GCC_VERSION = com.apple.compilers.llvm.clang.1_0;
				HEADER_SEARCH_PATHS = (
					"/Users/ocordes/JUCE/JUCE-8.0.1/modules/juce_audio_processors/format_types/VST3_SDK",
					"$(SRCROOT)/../../JuceLibraryCode",
					"/Users/ocordes/JUCE/JUCE-8.0.1/modules",
					"/Users/ocordes/JUCE/JUCE-8.0.1/modules/juce_audio_plugin_client/AU",
					"$(inherited)",
				);
				INSTALL_PATH = "@executable_path/../Frameworks";
				LLVM_LTO = YES;
				MACOSX_DEPLOYMENT_TARGET = 10.13;
				MTL_HEADER_SEARCH_PATHS = "/Users/ocordes/JUCE/JUCE-8.0.1/modules/juce_audio_processors/format_types/VST3_SDK $(SRCROOT)/../../JuceLibraryCode /Users/ocordes/JUCE/JUCE-8.0.1/modules /Users/ocordes/JUCE/JUCE-8.0.1/modules/juce_audio_plugin_client/AU";
				PRODUCT_BUNDLE_IDENTIFIER = com.OliverCordes.JuceAudioFFT;
				PRODUCT_NAME = "juce_audio_fft";
				SKIP_INSTALL = YES;
				USE_HEADERMAP = NO;
				VALID_ARCHS = "i386 x86_64 arm64 arm64e";
			};
			name = Release;
		};
		9278AFB10B23B1934C8574BA /* Debug */ = {
			isa = XCBuildConfiguration;
			buildSettings = {
				CLANG_CXX_LANGUAGE_STANDARD = "c++17";
				CLANG_CXX_LIBRARY = "libc++";
				CLANG_LINK_OBJC_RUNTIME = NO;
				COMBINE_HIDPI_IMAGES = YES;
				CONFIGURATION_BUILD_DIR = "$(PROJECT_DIR)/build/$(CONFIGURATION)";
				COPY_PHASE_STRIP = NO;
				EXCLUDED_ARCHS = "";
				GCC_DYNAMIC_NO_PIC = NO;
				GCC_OPTIMIZATION_LEVEL = 0;
				GCC_PREPROCESSOR_DEFINITIONS = (
					"_DEBUG=1",
					"DEBUG=1",
					"JUCE_PROJUCER_VERSION=0x80001",
					"JUCE_MODULE_AVAILABLE_juce_audio_basics=1",
					"JUCE_MODULE_AVAILABLE_juce_audio_devices=1",
					"JUCE_MODULE_AVAILABLE_juce_audio_formats=1",
					"JUCE_MODULE_AVAILABLE_juce_audio_plugin_client=1",
					"JUCE_MODULE_AVAILABLE_juce_audio_processors=1",
					"JUCE_MODULE_AVAILABLE_juce_audio_utils=1",
					"JUCE_MODULE_AVAILABLE_juce_core=1",
					"JUCE_MODULE_AVAILABLE_juce_data_structures=1",
					"JUCE_MODULE_AVAILABLE_juce_dsp=1",
					"JUCE_MODULE_AVAILABLE_juce_events=1",
					"JUCE_MODULE_AVAILABLE_juce_graphics=1",
					"JUCE_MODULE_AVAILABLE_juce_gui_basics=1",
					"JUCE_MODULE_AVAILABLE_juce_gui_extra=1",
					"JUCE_GLOBAL_MODULE_SETTINGS_INCLUDED=1",
					"JUCE_VST3_CAN_REPLACE_VST2=0",
					"JUCE_STRICT_REFCOUNTEDPOINTER=1",
					"JucePlugin_Build_VST=0",
					"JucePlugin_Build_VST3=1",
					"JucePlugin_Build_AU=0",
					"JucePlugin_Build_AUv3=0",
					"JucePlugin_Build_AAX=0",
					"JucePlugin_Build_Standalone=0",
					"JucePlugin_Build_Unity=0",
					"JucePlugin_Build_LV2=0",
					"JucePlugin_Enable_IAA=0",
					"JucePlugin_Enable_ARA=0",
					"JucePlugin_Name=\\\"juce_audio_fft\\\"",
					"JucePlugin_Desc=\\\"juce_audio_fft\\\"",
					"JucePlugin_Manufacturer=\\\"Oliver\\ Cordes\\\"",
					"JucePlugin_ManufacturerWebsite=\\\"www.chief-ocordes.de\\\"",
					"JucePlugin_ManufacturerEmail=\\\"ocordes@gmx.net\\\"",
					"JucePlugin_ManufacturerCode=0x4d616e75",
					"JucePlugin_PluginCode=0x416f7270",
					"JucePlugin_IsSynth=0",
					"JucePlugin_WantsMidiInput=0",
					"JucePlugin_ProducesMidiOutput=0",
					"JucePlugin_IsMidiEffect=0",
					"JucePlugin_EditorRequiresKeyboardFocus=0",
					"JucePlugin_Version=1.0.0",
					"JucePlugin_VersionCode=0x10000",
					"JucePlugin_VersionString=\\\"1.0.0\\\"",
					"JucePlugin_VSTUniqueID=JucePlugin_PluginCode",
					"JucePlugin_VSTCategory=kPlugCategEffect",
					"JucePlugin_Vst3Category=\\\"Fx\\\"",
					"JucePlugin_AUMainType=\\'aufx\\'",
					"JucePlugin_AUSubType=JucePlugin_PluginCode",
					"JucePlugin_AUExportPrefix=juce_audio_fftAU",
					"JucePlugin_AUExportPrefixQuoted=\\\"juce_audio_fftAU\\\"",
					"JucePlugin_AUManufacturerCode=JucePlugin_ManufacturerCode",
					"JucePlugin_CFBundleIdentifier=com.OliverCordes.JuceAudioFFT",
					"JucePlugin_AAXIdentifier=com.OliverCordes.juce_audio_fft",
					"JucePlugin_AAXManufacturerCode=JucePlugin_ManufacturerCode",
					"JucePlugin_AAXProductId=JucePlugin_PluginCode",
					"JucePlugin_AAXCategory=0",
					"JucePlugin_AAXDisableBypass=0",
					"JucePlugin_AAXDisableMultiMono=0",
					"JucePlugin_IAAType=0x61757278",
					"JucePlugin_IAASubType=JucePlugin_PluginCode",
					"JucePlugin_IAAName=\\\"Oliver\\ Cordes:\\ juce_audio_fft\\\"",
					"JucePlugin_VSTNumMidiInputs=16",
					"JucePlugin_VSTNumMidiOutputs=16",
					"JucePlugin_ARAContentTypes=0",
					"JucePlugin_ARATransformationFlags=0",
					"JucePlugin_ARAFactoryID=\\\"com.OliverCordes.juce_audio_fft.factory\\\"",
					"JucePlugin_ARADocumentArchiveID=\\\"com.OliverCordes.juce_audio_fft.aradocumentarchive.1.0.0\\\"",
					"JucePlugin_ARACompatibleArchiveIDs=\\\"\\\"",
					"JUCE_STANDALONE_APPLICATION=JucePlugin_Build_Standalone",
					"JUCER_XCODE_MAC_F6D2F4CF=1",
					"JUCE_APP_VERSION=1.0.0",
					"JUCE_APP_VERSION_HEX=0x10000",
				);
				GCC_VERSION = com.apple.compilers.llvm.clang.1_0;
				GENERATE_PKGINFO_FILE = YES;
				HEADER_SEARCH_PATHS = (
					"/Users/ocordes/JUCE/JUCE-8.0.1/modules/juce_audio_processors/format_types/VST3_SDK",
					"$(SRCROOT)/../../JuceLibraryCode",
					"/Users/ocordes/JUCE/JUCE-8.0.1/modules",
					"/Users/ocordes/JUCE/JUCE-8.0.1/modules/juce_audio_plugin_client/AU",
					"$(inherited)",
				);
				INFOPLIST_FILE = Info-VST3.plist;
				INFOPLIST_PREPROCESS = NO;
				INSTALL_PATH = "$(HOME)/Library/Audio/Plug-Ins/VST3/";
				LIBRARY_STYLE = Bundle;
				MACOSX_DEPLOYMENT_TARGET = 10.13;
				MTL_HEADER_SEARCH_PATHS = "/Users/ocordes/JUCE/JUCE-8.0.1/modules/juce_audio_processors/format_types/VST3_SDK $(SRCROOT)/../../JuceLibraryCode /Users/ocordes/JUCE/JUCE-8.0.1/modules /Users/ocordes/JUCE/JUCE-8.0.1/modules/juce_audio_plugin_client/AU";
				OTHER_LDFLAGS = "-bundle -ljuce_audio_fft";
				PRODUCT_BUNDLE_IDENTIFIER = com.OliverCordes.JuceAudioFFT;
				PRODUCT_NAME = "juce_audio_fft";
				USE_HEADERMAP = NO;
				VALID_ARCHS = "i386 x86_64 arm64 arm64e";
				WRAPPER_EXTENSION = vst3;
			};
			name = Debug;
		};
		9E769F738D50B62382653A8A /* Debug */ = {
			isa = XCBuildConfiguration;
			buildSettings = {
				ALWAYS_SEARCH_USER_PATHS = NO;
				CLANG_ENABLE_OBJC_WEAK = YES;
				CLANG_WARN_BLOCK_CAPTURE_AUTORELEASING = YES;
				CLANG_WARN_BOOL_CONVERSION = YES;
				CLANG_WARN_COMMA = YES;
				CLANG_WARN_CONSTANT_CONVERSION = YES;
				CLANG_WARN_DEPRECATED_OBJC_IMPLEMENTATIONS = YES;
				CLANG_WARN_EMPTY_BODY = YES;
				CLANG_WARN_ENUM_CONVERSION = YES;
				CLANG_WARN_INFINITE_RECURSION = YES;
				CLANG_WARN_INT_CONVERSION = YES;
				CLANG_WARN_NON_LITERAL_NULL_CONVERSION = YES;
				CLANG_WARN_OBJC_IMPLICIT_RETAIN_SELF = YES;
				CLANG_WARN_OBJC_LITERAL_CONVERSION = YES;
				CLANG_WARN_RANGE_LOOP_ANALYSIS = YES;
				CLANG_WARN_STRICT_PROTOTYPES = YES;
				CLANG_WARN_SUSPICIOUS_MOVE = YES;
				CLANG_WARN_UNREACHABLE_CODE = YES;
				CLANG_WARN__DUPLICATE_METHOD_MATCH = YES;
				DEBUG_INFORMATION_FORMAT = dwarf;
				ENABLE_STRICT_OBJC_MSGSEND = YES;
				ENABLE_TESTABILITY = NO;
				GCC_C_LANGUAGE_STANDARD = c11;
				GCC_INLINES_ARE_PRIVATE_EXTERN = YES;
				GCC_MODEL_TUNING = G5;
				GCC_NO_COMMON_BLOCKS = YES;
				GCC_SYMBOLS_PRIVATE_EXTERN = YES;
				GCC_WARN_64_TO_32_BIT_CONVERSION = YES;
				GCC_WARN_ABOUT_RETURN_TYPE = YES;
				GCC_WARN_CHECK_SWITCH_STATEMENTS = YES;
				GCC_WARN_MISSING_PARENTHESES = YES;
				GCC_WARN_NON_VIRTUAL_DESTRUCTOR = YES;
				GCC_WARN_TYPECHECK_CALLS_TO_PRINTF = YES;
				GCC_WARN_UNDECLARED_SELECTOR = YES;
				GCC_WARN_UNINITIALIZED_AUTOS = YES;
				GCC_WARN_UNUSED_FUNCTION = YES;
				GCC_WARN_UNUSED_VARIABLE = YES;
				ONLY_ACTIVE_ARCH = YES;
				OTHER_CODE_SIGN_FLAGS = --timestamp;
				PRODUCT_NAME = "juce_audio_fft";
				SDKROOT = macosx;
				WARNING_CFLAGS = "-Wreorder";
				ZERO_LINK = NO;
			};
			name = Debug;
		};
		9ED8E83177892AAC83DA9F0C /* Debug */ = {
			isa = XCBuildConfiguration;
			buildSettings = {
				CLANG_CXX_LANGUAGE_STANDARD = "c++17";
				CLANG_CXX_LIBRARY = "libc++";
				CLANG_LINK_OBJC_RUNTIME = NO;
				COMBINE_HIDPI_IMAGES = YES;
				CONFIGURATION_BUILD_DIR = "$(PROJECT_DIR)/build/$(CONFIGURATION)";
				COPY_PHASE_STRIP = NO;
				EXCLUDED_ARCHS = "";
				GCC_DYNAMIC_NO_PIC = NO;
				GCC_OPTIMIZATION_LEVEL = 0;
				GCC_PREPROCESSOR_DEFINITIONS = (
					"_DEBUG=1",
					"DEBUG=1",
					"JUCE_PROJUCER_VERSION=0x80001",
					"JUCE_MODULE_AVAILABLE_juce_audio_basics=1",
					"JUCE_MODULE_AVAILABLE_juce_audio_devices=1",
					"JUCE_MODULE_AVAILABLE_juce_audio_formats=1",
					"JUCE_MODULE_AVAILABLE_juce_audio_plugin_client=1",
					"JUCE_MODULE_AVAILABLE_juce_audio_processors=1",
					"JUCE_MODULE_AVAILABLE_juce_audio_utils=1",
					"JUCE_MODULE_AVAILABLE_juce_core=1",
					"JUCE_MODULE_AVAILABLE_juce_data_structures=1",
					"JUCE_MODULE_AVAILABLE_juce_dsp=1",
					"JUCE_MODULE_AVAILABLE_juce_events=1",
					"JUCE_MODULE_AVAILABLE_juce_graphics=1",
					"JUCE_MODULE_AVAILABLE_juce_gui_basics=1",
					"JUCE_MODULE_AVAILABLE_juce_gui_extra=1",
					"JUCE_GLOBAL_MODULE_SETTINGS_INCLUDED=1",
					"JUCE_VST3_CAN_REPLACE_VST2=0",
					"JUCE_STRICT_REFCOUNTEDPOINTER=1",
					"JucePlugin_Build_VST=0",
					"JucePlugin_Build_VST3=0",
					"JucePlugin_Build_AU=0",
					"JucePlugin_Build_AUv3=0",
					"JucePlugin_Build_AAX=0",
					"JucePlugin_Build_Standalone=0",
					"JucePlugin_Build_Unity=0",
					"JucePlugin_Build_LV2=0",
					"JucePlugin_Enable_IAA=0",
					"JucePlugin_Enable_ARA=0",
					"JucePlugin_Name=\\\"juce_audio_fft\\\"",
					"JucePlugin_Desc=\\\"juce_audio_fft\\\"",
					"JucePlugin_Manufacturer=\\\"Oliver\\ Cordes\\\"",
					"JucePlugin_ManufacturerWebsite=\\\"www.chief-ocordes.de\\\"",
					"JucePlugin_ManufacturerEmail=\\\"ocordes@gmx.net\\\"",
					"JucePlugin_ManufacturerCode=0x4d616e75",
					"JucePlugin_PluginCode=0x416f7270",
					"JucePlugin_IsSynth=0",
					"JucePlugin_WantsMidiInput=0",
					"JucePlugin_ProducesMidiOutput=0",
					"JucePlugin_IsMidiEffect=0",
					"JucePlugin_EditorRequiresKeyboardFocus=0",
					"JucePlugin_Version=1.0.0",
					"JucePlugin_VersionCode=0x10000",
					"JucePlugin_VersionString=\\\"1.0.0\\\"",
					"JucePlugin_VSTUniqueID=JucePlugin_PluginCode",
					"JucePlugin_VSTCategory=kPlugCategEffect",
					"JucePlugin_Vst3Category=\\\"Fx\\\"",
					"JucePlugin_AUMainType=\\'aufx\\'",
					"JucePlugin_AUSubType=JucePlugin_PluginCode",
					"JucePlugin_AUExportPrefix=juce_audio_fftAU",
					"JucePlugin_AUExportPrefixQuoted=\\\"juce_audio_fftAU\\\"",
					"JucePlugin_AUManufacturerCode=JucePlugin_ManufacturerCode",
					"JucePlugin_CFBundleIdentifier=com.OliverCordes.JuceAudioFFT",
					"JucePlugin_AAXIdentifier=com.OliverCordes.juce_audio_fft",
					"JucePlugin_AAXManufacturerCode=JucePlugin_ManufacturerCode",
					"JucePlugin_AAXProductId=JucePlugin_PluginCode",
					"JucePlugin_AAXCategory=0",
					"JucePlugin_AAXDisableBypass=0",
					"JucePlugin_AAXDisableMultiMono=0",
					"JucePlugin_IAAType=0x61757278",
					"JucePlugin_IAASubType=JucePlugin_PluginCode",
					"JucePlugin_IAAName=\\\"Oliver\\ Cordes:\\ juce_audio_fft\\\"",
					"JucePlugin_VSTNumMidiInputs=16",
					"JucePlugin_VSTNumMidiOutputs=16",
					"JucePlugin_ARAContentTypes=0",
					"JucePlugin_ARATransformationFlags=0",
					"JucePlugin_ARAFactoryID=\\\"com.OliverCordes.juce_audio_fft.factory\\\"",
					"JucePlugin_ARADocumentArchiveID=\\\"com.OliverCordes.juce_audio_fft.aradocumentarchive.1.0.0\\\"",
					"JucePlugin_ARACompatibleArchiveIDs=\\\"\\\"",
					"JUCE_STANDALONE_APPLICATION=JucePlugin_Build_Standalone",
					"JUCER_XCODE_MAC_F6D2F4CF=1",
					"JUCE_APP_VERSION=1.0.0",
					"JUCE_APP_VERSION_HEX=0x10000",
				);
				GCC_VERSION = com.apple.compilers.llvm.clang.1_0;
				HEADER_SEARCH_PATHS = (
					"/Users/ocordes/JUCE/JUCE-8.0.1/modules/juce_audio_processors/format_types/VST3_SDK",
					"$(SRCROOT)/../../JuceLibraryCode",
					"/Users/ocordes/JUCE/JUCE-8.0.1/modules",
					"/Users/ocordes/JUCE/JUCE-8.0.1/modules/juce_audio_plugin_client/AU",
					"$(inherited)",
				);
				INFOPLIST_FILE = Info-VST3_Manifest_Helper.plist;
				INFOPLIST_PREPROCESS = NO;
				MACOSX_DEPLOYMENT_TARGET = 10.13;
				MTL_HEADER_SEARCH_PATHS = "/Users/ocordes/JUCE/JUCE-8.0.1/modules/juce_audio_processors/format_types/VST3_SDK $(SRCROOT)/../../JuceLibraryCode /Users/ocordes/JUCE/JUCE-8.0.1/modules /Users/ocordes/JUCE/JUCE-8.0.1/modules/juce_audio_plugin_client/AU";
				PRODUCT_BUNDLE_IDENTIFIER = com.OliverCordes.JuceAudioFFT;
				PRODUCT_NAME = "juce_vst3_helper";
				USE_HEADERMAP = NO;
				VALID_ARCHS = "i386 x86_64 arm64 arm64e";
			};
			name = Debug;
		};
		B37DB988DF03F742F6488AAF /* Debug */ = {
			isa = XCBuildConfiguration;
			buildSettings = {
				MACOSX_DEPLOYMENT_TARGET = 10.13;
				SDKROOT = macosx;
			};
			name = Debug;
		};
		EEE5F00ABBEC9195DBB8D10D /* Debug */ = {
			isa = XCBuildConfiguration;
			buildSettings = {
				CLANG_CXX_LANGUAGE_STANDARD = "c++17";
				CLANG_CXX_LIBRARY = "libc++";
				CLANG_LINK_OBJC_RUNTIME = NO;
				COMBINE_HIDPI_IMAGES = YES;
				CONFIGURATION_BUILD_DIR = "$(PROJECT_DIR)/build/$(CONFIGURATION)";
				COPY_PHASE_STRIP = NO;
				EXCLUDED_ARCHS = "";
				GCC_DYNAMIC_NO_PIC = NO;
				GCC_OPTIMIZATION_LEVEL = 0;
				GCC_PREPROCESSOR_DEFINITIONS = (
					"_DEBUG=1",
					"DEBUG=1",
					"JUCE_PROJUCER_VERSION=0x80001",
					"JUCE_MODULE_AVAILABLE_juce_audio_basics=1",
					"JUCE_MODULE_AVAILABLE_juce_audio_devices=1",
					"JUCE_MODULE_AVAILABLE_juce_audio_formats=1",
					"JUCE_MODULE_AVAILABLE_juce_audio_plugin_client=1",
					"JUCE_MODULE_AVAILABLE_juce_audio_processors=1",
					"JUCE_MODULE_AVAILABLE_juce_audio_utils=1",
					"JUCE_MODULE_AVAILABLE_juce_core=1",
					"JUCE_MODULE_AVAILABLE_juce_data_structures=1",
					"JUCE_MODULE_AVAILABLE_juce_dsp=1",
					"JUCE_MODULE_AVAILABLE_juce_events=1",
					"JUCE_MODULE_AVAILABLE_juce_graphics=1",
					"JUCE_MODULE_AVAILABLE_juce_gui_basics=1",
					"JUCE_MODULE_AVAILABLE_juce_gui_extra=1",
					"JUCE_GLOBAL_MODULE_SETTINGS_INCLUDED=1",
					"JUCE_VST3_CAN_REPLACE_VST2=0",
					"JUCE_STRICT_REFCOUNTEDPOINTER=1",
					"JucePlugin_Build_VST=0",
					"JucePlugin_Build_VST3=1",
					"JucePlugin_Build_AU=0",
					"JucePlugin_Build_AUv3=0",
					"JucePlugin_Build_AAX=0",
					"JucePlugin_Build_Standalone=0",
					"JucePlugin_Build_Unity=0",
					"JucePlugin_Build_LV2=0",
					"JucePlugin_Enable_IAA=0",
					"JucePlugin_Enable_ARA=0",
					"JucePlugin_Name=\\\"juce_audio_fft\\\"",
					"JucePlugin_Desc=\\\"juce_audio_fft\\\"",
					"JucePlugin_Manufacturer=\\\"Oliver\\ Cordes\\\"",
					"JucePlugin_ManufacturerWebsite=\\\"www.chief-ocordes.de\\\"",
					"JucePlugin_ManufacturerEmail=\\\"ocordes@gmx.net\\\"",
					"JucePlugin_ManufacturerCode=0x4d616e75",
					"JucePlugin_PluginCode=0x416f7270",
					"JucePlugin_IsSynth=0",
					"JucePlugin_WantsMidiInput=0",
					"JucePlugin_ProducesMidiOutput=0",
					"JucePlugin_IsMidiEffect=0",
					"JucePlugin_EditorRequiresKeyboardFocus=0",
					"JucePlugin_Version=1.0.0",
					"JucePlugin_VersionCode=0x10000",
					"JucePlugin_VersionString=\\\"1.0.0\\\"",
					"JucePlugin_VSTUniqueID=JucePlugin_PluginCode",
					"JucePlugin_VSTCategory=kPlugCategEffect",
					"JucePlugin_Vst3Category=\\\"Fx\\\"",
					"JucePlugin_AUMainType=\\'aufx\\'",
					"JucePlugin_AUSubType=JucePlugin_PluginCode",
					"JucePlugin_AUExportPrefix=juce_audio_fftAU",
					"JucePlugin_AUExportPrefixQuoted=\\\"juce_audio_fftAU\\\"",
					"JucePlugin_AUManufacturerCode=JucePlugin_ManufacturerCode",
					"JucePlugin_CFBundleIdentifier=com.OliverCordes.JuceAudioFFT",
					"JucePlugin_AAXIdentifier=com.OliverCordes.juce_audio_fft",
					"JucePlugin_AAXManufacturerCode=JucePlugin_ManufacturerCode",
					"JucePlugin_AAXProductId=JucePlugin_PluginCode",
					"JucePlugin_AAXCategory=0",
					"JucePlugin_AAXDisableBypass=0",
					"JucePlugin_AAXDisableMultiMono=0",
					"JucePlugin_IAAType=0x61757278",
					"JucePlugin_IAASubType=JucePlugin_PluginCode",
					"JucePlugin_IAAName=\\\"Oliver\\ Cordes:\\ juce_audio_fft\\\"",
					"JucePlugin_VSTNumMidiInputs=16",
					"JucePlugin_VSTNumMidiOutputs=16",
					"JucePlugin_ARAContentTypes=0",
					"JucePlugin_ARATransformationFlags=0",
					"JucePlugin_ARAFactoryID=\\\"com.OliverCordes.juce_audio_fft.factory\\\"",
					"JucePlugin_ARADocumentArchiveID=\\\"com.OliverCordes.juce_audio_fft.aradocumentarchive.1.0.0\\\"",
					"JucePlugin_ARACompatibleArchiveIDs=\\\"\\\"",
					"JUCE_STANDALONE_APPLICATION=JucePlugin_Build_Standalone",
					"JUCER_XCODE_MAC_F6D2F4CF=1",
					"JUCE_APP_VERSION=1.0.0",
					"JUCE_APP_VERSION_HEX=0x10000",
					"JUCE_SHARED_CODE=1",
				);
				GCC_VERSION = com.apple.compilers.llvm.clang.1_0;
				HEADER_SEARCH_PATHS = (
					"/Users/ocordes/JUCE/JUCE-8.0.1/modules/juce_audio_processors/format_types/VST3_SDK",
					"$(SRCROOT)/../../JuceLibraryCode",
					"/Users/ocordes/JUCE/JUCE-8.0.1/modules",
					"/Users/ocordes/JUCE/JUCE-8.0.1/modules/juce_audio_plugin_client/AU",
					"$(inherited)",
				);
				INSTALL_PATH = "@executable_path/../Frameworks";
				MACOSX_DEPLOYMENT_TARGET = 10.13;
				MTL_HEADER_SEARCH_PATHS = "/Users/ocordes/JUCE/JUCE-8.0.1/modules/juce_audio_processors/format_types/VST3_SDK $(SRCROOT)/../../JuceLibraryCode /Users/ocordes/JUCE/JUCE-8.0.1/modules /Users/ocordes/JUCE/JUCE-8.0.1/modules/juce_audio_plugin_client/AU";
				PRODUCT_BUNDLE_IDENTIFIER = com.OliverCordes.JuceAudioFFT;
				PRODUCT_NAME = "juce_audio_fft";
				SKIP_INSTALL = YES;
				USE_HEADERMAP = NO;
				VALID_ARCHS = "i386 x86_64 arm64 arm64e";
			};
			name = Debug;
		};
		F3EB9BB6014364C8E3080600 /* Release */ = {
			isa = XCBuildConfiguration;
			buildSettings = {
				CLANG_CXX_LANGUAGE_STANDARD = "c++17";
				CLANG_CXX_LIBRARY = "libc++";
				CLANG_LINK_OBJC_RUNTIME = NO;
				COMBINE_HIDPI_IMAGES = YES;
				CONFIGURATION_BUILD_DIR = "$(PROJECT_DIR)/build/$(CONFIGURATION)";
				DEAD_CODE_STRIPPING = YES;
				EXCLUDED_ARCHS = "";
				GCC_GENERATE_DEBUGGING_SYMBOLS = NO;
				GCC_OPTIMIZATION_LEVEL = 3;
				GCC_PREPROCESSOR_DEFINITIONS = (
					"_NDEBUG=1",
					"NDEBUG=1",
					"JUCE_PROJUCER_VERSION=0x80001",
					"JUCE_MODULE_AVAILABLE_juce_audio_basics=1",
					"JUCE_MODULE_AVAILABLE_juce_audio_devices=1",
					"JUCE_MODULE_AVAILABLE_juce_audio_formats=1",
					"JUCE_MODULE_AVAILABLE_juce_audio_plugin_client=1",
					"JUCE_MODULE_AVAILABLE_juce_audio_processors=1",
					"JUCE_MODULE_AVAILABLE_juce_audio_utils=1",
					"JUCE_MODULE_AVAILABLE_juce_core=1",
					"JUCE_MODULE_AVAILABLE_juce_data_structures=1",
					"JUCE_MODULE_AVAILABLE_juce_dsp=1",
					"JUCE_MODULE_AVAILABLE_juce_events=1",
					"JUCE_MODULE_AVAILABLE_juce_graphics=1",
					"JUCE_MODULE_AVAILABLE_juce_gui_basics=1",
					"JUCE_MODULE_AVAILABLE_juce_gui_extra=1",
					"JUCE_GLOBAL_MODULE_SETTINGS_INCLUDED=1",
					"JUCE_VST3_CAN_REPLACE_VST2=0",
					"JUCE_STRICT_REFCOUNTEDPOINTER=1",
					"JucePlugin_Build_VST=0",
					"JucePlugin_Build_VST3=1",
					"JucePlugin_Build_AU=0",
					"JucePlugin_Build_AUv3=0",
					"JucePlugin_Build_AAX=0",
					"JucePlugin_Build_Standalone=0",
					"JucePlugin_Build_Unity=0",
					"JucePlugin_Build_LV2=0",
					"JucePlugin_Enable_IAA=0",
					"JucePlugin_Enable_ARA=0",
					"JucePlugin_Name=\\\"juce_audio_fft\\\"",
					"JucePlugin_Desc=\\\"juce_audio_fft\\\"",
					"JucePlugin_Manufacturer=\\\"Oliver\\ Cordes\\\"",
					"JucePlugin_ManufacturerWebsite=\\\"www.chief-ocordes.de\\\"",
					"JucePlugin_ManufacturerEmail=\\\"ocordes@gmx.net\\\"",
					"JucePlugin_ManufacturerCode=0x4d616e75",
					"JucePlugin_PluginCode=0x416f7270",
					"JucePlugin_IsSynth=0",
					"JucePlugin_WantsMidiInput=0",
					"JucePlugin_ProducesMidiOutput=0",
					"JucePlugin_IsMidiEffect=0",
					"JucePlugin_EditorRequiresKeyboardFocus=0",
					"JucePlugin_Version=1.0.0",
					"JucePlugin_VersionCode=0x10000",
					"JucePlugin_VersionString=\\\"1.0.0\\\"",
					"JucePlugin_VSTUniqueID=JucePlugin_PluginCode",
					"JucePlugin_VSTCategory=kPlugCategEffect",
					"JucePlugin_Vst3Category=\\\"Fx\\\"",
					"JucePlugin_AUMainType=\\'aufx\\'",
					"JucePlugin_AUSubType=JucePlugin_PluginCode",
					"JucePlugin_AUExportPrefix=juce_audio_fftAU",
					"JucePlugin_AUExportPrefixQuoted=\\\"juce_audio_fftAU\\\"",
					"JucePlugin_AUManufacturerCode=JucePlugin_ManufacturerCode",
					"JucePlugin_CFBundleIdentifier=com.OliverCordes.JuceAudioFFT",
					"JucePlugin_AAXIdentifier=com.OliverCordes.juce_audio_fft",
					"JucePlugin_AAXManufacturerCode=JucePlugin_ManufacturerCode",
					"JucePlugin_AAXProductId=JucePlugin_PluginCode",
					"JucePlugin_AAXCategory=0",
					"JucePlugin_AAXDisableBypass=0",
					"JucePlugin_AAXDisableMultiMono=0",
					"JucePlugin_IAAType=0x61757278",
					"JucePlugin_IAASubType=JucePlugin_PluginCode",
					"JucePlugin_IAAName=\\\"Oliver\\ Cordes:\\ juce_audio_fft\\\"",
					"JucePlugin_VSTNumMidiInputs=16",
					"JucePlugin_VSTNumMidiOutputs=16",
					"JucePlugin_ARAContentTypes=0",
					"JucePlugin_ARATransformationFlags=0",
					"JucePlugin_ARAFactoryID=\\\"com.OliverCordes.juce_audio_fft.factory\\\"",
					"JucePlugin_ARADocumentArchiveID=\\\"com.OliverCordes.juce_audio_fft.aradocumentarchive.1.0.0\\\"",
					"JucePlugin_ARACompatibleArchiveIDs=\\\"\\\"",
					"JUCE_STANDALONE_APPLICATION=JucePlugin_Build_Standalone",
					"JUCER_XCODE_MAC_F6D2F4CF=1",
					"JUCE_APP_VERSION=1.0.0",
					"JUCE_APP_VERSION_HEX=0x10000",
				);
				GCC_VERSION = com.apple.compilers.llvm.clang.1_0;
				GENERATE_PKGINFO_FILE = YES;
				HEADER_SEARCH_PATHS = (
					"/Users/ocordes/JUCE/JUCE-8.0.1/modules/juce_audio_processors/format_types/VST3_SDK",
					"$(SRCROOT)/../../JuceLibraryCode",
					"/Users/ocordes/JUCE/JUCE-8.0.1/modules",
					"/Users/ocordes/JUCE/JUCE-8.0.1/modules/juce_audio_plugin_client/AU",
					"$(inherited)",
				);
				INFOPLIST_FILE = Info-VST3.plist;
				INFOPLIST_PREPROCESS = NO;
				INSTALL_PATH = "$(HOME)/Library/Audio/Plug-Ins/VST3/";
				LIBRARY_STYLE = Bundle;
				LLVM_LTO = YES;
				MACOSX_DEPLOYMENT_TARGET = 10.13;
				MTL_HEADER_SEARCH_PATHS = "/Users/ocordes/JUCE/JUCE-8.0.1/modules/juce_audio_processors/format_types/VST3_SDK $(SRCROOT)/../../JuceLibraryCode /Users/ocordes/JUCE/JUCE-8.0.1/modules /Users/ocordes/JUCE/JUCE-8.0.1/modules/juce_audio_plugin_client/AU";
				OTHER_LDFLAGS = "-bundle -ljuce_audio_fft";
				PRODUCT_BUNDLE_IDENTIFIER = com.OliverCordes.JuceAudioFFT;
				PRODUCT_NAME = "juce_audio_fft";
				USE_HEADERMAP = NO;
				VALID_ARCHS = "i386 x86_64 arm64 arm64e";
				WRAPPER_EXTENSION = vst3;
			};
			name = Release;
		};
/* End XCBuildConfiguration section */

/* Begin XCConfigurationList section */
		0A5789757BAE2174FF248676 = {
			isa = XCConfigurationList;
			buildConfigurations = (
				13AEA16BFDC119F63EAA399F,
				9E769F738D50B62382653A8A,
			);
			defaultConfigurationIsVisible = 0;
			defaultConfigurationName = Debug;
		};
		56344135BA60E3228CBDD3A3 = {
			isa = XCConfigurationList;
			buildConfigurations = (
				EEE5F00ABBEC9195DBB8D10D,
				91F157CC7697805C53AE9BC0,
			);
			defaultConfigurationIsVisible = 0;
			defaultConfigurationName = Debug;
		};
		5956D90490C6D10697B2DBA2 = {
			isa = XCConfigurationList;
			buildConfigurations = (
				B37DB988DF03F742F6488AAF,
				4AD1A0A8D2924F64517D85AF,
			);
			defaultConfigurationIsVisible = 0;
			defaultConfigurationName = Debug;
		};
		88AB401CF69FC0030005C05A = {
			isa = XCConfigurationList;
			buildConfigurations = (
				9278AFB10B23B1934C8574BA,
				F3EB9BB6014364C8E3080600,
			);
			defaultConfigurationIsVisible = 0;
			defaultConfigurationName = Debug;
		};
		B38F2D5805C4747BD9FDD771 = {
			isa = XCConfigurationList;
			buildConfigurations = (
				9ED8E83177892AAC83DA9F0C,
				450615B68A9D3BCC7DA72E29,
			);
			defaultConfigurationIsVisible = 0;
			defaultConfigurationName = Debug;
		};
/* End XCConfigurationList section */
	};
	rootObject = FB42CFD97BC3D3CE12E1CD06 /* Project object */;
}
